
Microsoft Visual Studio Solution File, Format Version 12.00
# Visual Studio Version 17
VisualStudioVersion = 17.12.35527.113 d17.12
MinimumVisualStudioVersion = 10.0.40219.1
Project("{2150E333-8FDC-42A3-9474-1A3956D46DE8}") = "src", "src", "{05D51CE1-DDFB-44DE-A0F9-DFA5C3432A80}"
EndProject
Project("{2150E333-8FDC-42A3-9474-1A3956D46DE8}") = "tests", "tests", "{FBB8117C-B679-4F2B-934C-806BA9F0E9AB}"
EndProject
Project("{2150E333-8FDC-42A3-9474-1A3956D46DE8}") = "UI", "UI", "{595549A5-BC0E-47E1-A741-1411BBB593D2}"
EndProject
Project("{2150E333-8FDC-42A3-9474-1A3956D46DE8}") = "Core", "Core", "{E9ED6188-C2D9-4F05-B1A9-D36E1A66C727}"
EndProject
Project("{2150E333-8FDC-42A3-9474-1A3956D46DE8}") = "Infrastructure", "Infrastructure", "{0FB659FE-FE58-4170-9ECC-0B4A0C948F3B}"
EndProject
Project("{2150E333-8FDC-42A3-9474-1A3956D46DE8}") = "API", "API", "{29FEA1AD-E5B9-4717-9D8F-A89429869C52}"
EndProject
Project("{FAE04EC0-301F-11D3-BF4B-00C04F79EFBC}") = "HR.LeaveManagement.Domain", "HR.LeaveManagement.Domain\HR.LeaveManagement.Domain.csproj", "{2ECB5792-4B5F-4B14-8BC5-85F7371B7F53}"
EndProject
Project("{FAE04EC0-301F-11D3-BF4B-00C04F79EFBC}") = "HR.LeaveManagement.Application", "HR.LeaveManagement.Application\HR.LeaveManagement.Application.csproj", "{310E51A0-9403-4795-98F5-87938C2DEB9A}"
EndProject
Global
	GlobalSection(SolutionConfigurationPlatforms) = preSolution
		Debug|Any CPU = Debug|Any CPU
		Release|Any CPU = Release|Any CPU
	EndGlobalSection
	GlobalSection(ProjectConfigurationPlatforms) = postSolution
		{2ECB5792-4B5F-4B14-8BC5-85F7371B7F53}.Debug|Any CPU.ActiveCfg = Debug|Any CPU
		{2ECB5792-4B5F-4B14-8BC5-85F7371B7F53}.Debug|Any CPU.Build.0 = Debug|Any CPU
		{2ECB5792-4B5F-4B14-8BC5-85F7371B7F53}.Release|Any CPU.ActiveCfg = Release|Any CPU
		{2ECB5792-4B5F-4B14-8BC5-85F7371B7F53}.Release|Any CPU.Build.0 = Release|Any CPU
		{310E51A0-9403-4795-98F5-87938C2DEB9A}.Debug|Any CPU.ActiveCfg = Debug|Any CPU
		{310E51A0-9403-4795-98F5-87938C2DEB9A}.Debug|Any CPU.Build.0 = Debug|Any CPU
		{310E51A0-9403-4795-98F5-87938C2DEB9A}.Release|Any CPU.ActiveCfg = Release|Any CPU
		{310E51A0-9403-4795-98F5-87938C2DEB9A}.Release|Any CPU.Build.0 = Release|Any CPU
	EndGlobalSection
	GlobalSection(SolutionProperties) = preSolution
		HideSolutionNode = FALSE
	EndGlobalSection
	GlobalSection(NestedProjects) = preSolution
		{595549A5-BC0E-47E1-A741-1411BBB593D2} = {05D51CE1-DDFB-44DE-A0F9-DFA5C3432A80}
		{E9ED6188-C2D9-4F05-B1A9-D36E1A66C727} = {05D51CE1-DDFB-44DE-A0F9-DFA5C3432A80}
		{0FB659FE-FE58-4170-9ECC-0B4A0C948F3B} = {05D51CE1-DDFB-44DE-A0F9-DFA5C3432A80}
		{29FEA1AD-E5B9-4717-9D8F-A89429869C52} = {05D51CE1-DDFB-44DE-A0F9-DFA5C3432A80}
		{2ECB5792-4B5F-4B14-8BC5-85F7371B7F53} = {E9ED6188-C2D9-4F05-B1A9-D36E1A66C727}
		{310E51A0-9403-4795-98F5-87938C2DEB9A} = {E9ED6188-C2D9-4F05-B1A9-D36E1A66C727}
	EndGlobalSection
EndGlobal
